<?xml version="1.0" encoding="utf-8"?>
<Project ToolsVersion="4.0" xmlns="http://schemas.microsoft.com/developer/msbuild/2003">
  <ItemGroup>
    <Filter Include="Source Files">
      <UniqueIdentifier>{4FC737F1-C7A5-4376-A066-2A32D752A2FF}</UniqueIdentifier>
      <Extensions>cpp;c;cc;cxx;def;odl;idl;hpj;bat;asm;asmx</Extensions>
    </Filter>
    <Filter Include="Header Files">
      <UniqueIdentifier>{93995380-89BD-4b04-88EB-625FBE52EBFB}</UniqueIdentifier>
      <Extensions>h;hpp;hxx;hm;inl;inc;xsd</Extensions>
    </Filter>
    <Filter Include="Resource Files">
      <UniqueIdentifier>{67DA6AB6-F800-4c08-8B7A-83BB121AAD01}</UniqueIdentifier>
      <Extensions>rc;ico;cur;bmp;dlg;rc2;rct;bin;rgs;gif;jpg;jpeg;jpe;resx;tiff;tif;png;wav</Extensions>
    </Filter>
  </ItemGroup>
  <ItemGroup>
    <ClCompile Include="ActivateMbnOpName.cpp">
      <Filter>Source Files</Filter>
    </ClCompile>
    <ClCompile Include="ARM_OP_ASR.cpp">
      <Filter>Source Files</Filter>
    </ClCompile>
    <ClCompile Include="ARM_OP_EIGEN.cpp">
      <Filter>Source Files</Filter>
    </ClCompile>
    <ClCompile Include="ARM_OP_HUAWEI.cpp">
      <Filter>Source Files</Filter>
    </ClCompile>
    <ClCompile Include="ARM_OP_INTEL.cpp">
      <Filter>Source Files</Filter>
    </ClCompile>
    <ClCompile Include="ARM_OP_QCM.cpp">
      <Filter>Source Files</Filter>
    </ClCompile>
    <ClCompile Include="ARM_OP_RDA.cpp">
      <Filter>Source Files</Filter>
    </ClCompile>
    <ClCompile Include="ARM_OP_UNISOC.cpp">
      <Filter>Source Files</Filter>
    </ClCompile>
    <ClCompile Include="Com_Port.cpp">
      <Filter>Source Files</Filter>
    </ClCompile>
    <ClCompile Include="Com_Thr_Port.cpp">
      <Filter>Source Files</Filter>
    </ClCompile>
    <ClCompile Include="ConfigDig.cpp">
      <Filter>Source Files</Filter>
    </ClCompile>
    <ClCompile Include="Dlg_Change_Password.cpp">
      <Filter>Source Files</Filter>
    </ClCompile>
    <ClCompile Include="Dlg_Config_Multi.cpp">
      <Filter>Source Files</Filter>
    </ClCompile>
    <ClCompile Include="Dlg_Example.cpp">
      <Filter>Source Files</Filter>
    </ClCompile>
    <ClCompile Include="Dlg_FW_Multi.cpp">
      <Filter>Source Files</Filter>
    </ClCompile>
    <ClCompile Include="Dlg_Log_In.cpp">
      <Filter>Source Files</Filter>
    </ClCompile>
    <ClCompile Include="Dlg_Password.cpp">
      <Filter>Source Files</Filter>
    </ClCompile>
    <ClCompile Include="EnumSerial.cpp">
      <Filter>Source Files</Filter>
    </ClCompile>
    <ClCompile Include="Flash_OP.cpp">
      <Filter>Source Files</Filter>
    </ClCompile>
    <ClCompile Include="Flash_OP_GK.cpp">
      <Filter>Source Files</Filter>
    </ClCompile>
    <ClCompile Include="Flash_OP_NB.cpp">
      <Filter>Source Files</Filter>
    </ClCompile>
    <ClCompile Include="Ftp.cpp">
      <Filter>Source Files</Filter>
    </ClCompile>
    <ClCompile Include="GFC.cpp">
      <Filter>Source Files</Filter>
    </ClCompile>
    <ClCompile Include="Host_Uart.cpp">
      <Filter>Source Files</Filter>
    </ClCompile>
    <ClCompile Include="InfoWindow.cpp">
      <Filter>Source Files</Filter>
    </ClCompile>
    <ClCompile Include="IniFile.cpp">
      <Filter>Source Files</Filter>
    </ClCompile>
    <ClCompile Include="logview.cpp">
      <Filter>Source Files</Filter>
    </ClCompile>
    <ClCompile Include="MainFrm.cpp">
      <Filter>Source Files</Filter>
    </ClCompile>
    <ClCompile Include="md5.cpp">
      <Filter>Source Files</Filter>
    </ClCompile>
    <ClCompile Include="MsgBox.cpp">
      <Filter>Source Files</Filter>
    </ClCompile>
    <ClCompile Include="MT.cpp">
      <Filter>Source Files</Filter>
    </ClCompile>
    <ClCompile Include="MTDoc.cpp">
      <Filter>Source Files</Filter>
    </ClCompile>
    <ClCompile Include="MTView.cpp">
      <Filter>Source Files</Filter>
    </ClCompile>
    <ClCompile Include="Power_Supply.cpp">
      <Filter>Source Files</Filter>
    </ClCompile>
    <ClCompile Include="stdafx.cpp">
      <Filter>Source Files</Filter>
    </ClCompile>
    <ClCompile Include="Tool_Update_Config.cpp">
      <Filter>Source Files</Filter>
    </ClCompile>
    <ClCompile Include="unzip.cpp">
      <Filter>Source Files</Filter>
    </ClCompile>
    <ClCompile Include="UpdateConfig.cpp">
      <Filter>Source Files</Filter>
    </ClCompile>
    <ClCompile Include="USBDeviceDetection.cpp">
      <Filter>Source Files</Filter>
    </ClCompile>
    <ClCompile Include="WinSocket.cpp">
      <Filter>Source Files</Filter>
    </ClCompile>
    <ClCompile Include="WorkNum.cpp">
      <Filter>Source Files</Filter>
    </ClCompile>
    <ClCompile Include="WriteFlashId.cpp">
      <Filter>Source Files</Filter>
    </ClCompile>
    <ClCompile Include="zip.cpp">
      <Filter>Source Files</Filter>
    </ClCompile>
    <ClCompile Include="ARM_OP_XINYI.cpp">
      <Filter>Source Files</Filter>
    </ClCompile>
    <ClCompile Include="Flash_OP_5G.cpp">
      <Filter>Source Files</Filter>
    </ClCompile>
    <ClCompile Include="ARM_OP_ALTAIR.cpp">
      <Filter>Source Files</Filter>
    </ClCompile>
    <ClCompile Include="Flash_OP_AG.cpp">
      <Filter>Source Files</Filter>
    </ClCompile>
    <ClCompile Include="MS_IMbnDevice.cpp">
      <Filter>Source Files</Filter>
    </ClCompile>
    <ClCompile Include="ARM_OP_BEKEN.cpp">
      <Filter>Source Files</Filter>
    </ClCompile>
    <ClCompile Include="ARM_OP_SILABS.cpp">
      <Filter>Source Files</Filter>
    </ClCompile>
  </ItemGroup>
  <ItemGroup>
    <ClInclude Include="ActivateMbnOpName.h">
      <Filter>Header Files</Filter>
    </ClInclude>
    <ClInclude Include="ARM_OP_ASR.h">
      <Filter>Header Files</Filter>
    </ClInclude>
    <ClInclude Include="ARM_OP_EIGEN.h">
      <Filter>Header Files</Filter>
    </ClInclude>
    <ClInclude Include="ARM_OP_HUAWEI.h">
      <Filter>Header Files</Filter>
    </ClInclude>
    <ClInclude Include="ARM_OP_INTEL.h">
      <Filter>Header Files</Filter>
    </ClInclude>
    <ClInclude Include="ARM_OP_QCM.h">
      <Filter>Header Files</Filter>
    </ClInclude>
    <ClInclude Include="ARM_OP_RDA.h">
      <Filter>Header Files</Filter>
    </ClInclude>
    <ClInclude Include="ARM_OP_UNISOC.h">
      <Filter>Header Files</Filter>
    </ClInclude>
    <ClInclude Include="brom.h">
      <Filter>Header Files</Filter>
    </ClInclude>
    <ClInclude Include="com_enum.h">
      <Filter>Header Files</Filter>
    </ClInclude>
    <ClInclude Include="Com_Port.h">
      <Filter>Header Files</Filter>
    </ClInclude>
    <ClInclude Include="Com_Thr_Port.h">
      <Filter>Header Files</Filter>
    </ClInclude>
    <ClInclude Include="ConfigDig.h">
      <Filter>Header Files</Filter>
    </ClInclude>
    <ClInclude Include="Dlg_Change_Password.h">
      <Filter>Header Files</Filter>
    </ClInclude>
    <ClInclude Include="Dlg_Config_Multi.h">
      <Filter>Header Files</Filter>
    </ClInclude>
    <ClInclude Include="Dlg_Example.h">
      <Filter>Header Files</Filter>
    </ClInclude>
    <ClInclude Include="Dlg_FW_Multi.h">
      <Filter>Header Files</Filter>
    </ClInclude>
    <ClInclude Include="Dlg_Log_In.h">
      <Filter>Header Files</Filter>
    </ClInclude>
    <ClInclude Include="Dlg_Password.h">
      <Filter>Header Files</Filter>
    </ClInclude>
    <ClInclude Include="DOWNLOAD.H">
      <Filter>Header Files</Filter>
    </ClInclude>
    <ClInclude Include="EnumSerial.h">
      <Filter>Header Files</Filter>
    </ClInclude>
    <ClInclude Include="external_memory_setting.h">
      <Filter>Header Files</Filter>
    </ClInclude>
    <ClInclude Include="Flash_OP.h">
      <Filter>Header Files</Filter>
    </ClInclude>
    <ClInclude Include="Flash_OP_GK.h">
      <Filter>Header Files</Filter>
    </ClInclude>
    <ClInclude Include="Flash_OP_NB.h">
      <Filter>Header Files</Filter>
    </ClInclude>
    <ClInclude Include="flashtool.h">
      <Filter>Header Files</Filter>
    </ClInclude>
    <ClInclude Include="flashtool_api.h">
      <Filter>Header Files</Filter>
    </ClInclude>
    <ClInclude Include="flashtool_handle.h">
      <Filter>Header Files</Filter>
    </ClInclude>
    <ClInclude Include="Ftp.h">
      <Filter>Header Files</Filter>
    </ClInclude>
    <ClInclude Include="Gen_Header.h">
      <Filter>Header Files</Filter>
    </ClInclude>
    <ClInclude Include="GFC.h">
      <Filter>Header Files</Filter>
    </ClInclude>
    <ClInclude Include="Gk_Gps_Dl_Api.h">
      <Filter>Header Files</Filter>
    </ClInclude>
    <ClInclude Include="Global_Header.h">
      <Filter>Header Files</Filter>
    </ClInclude>
    <ClInclude Include="Host_Uart.h">
      <Filter>Header Files</Filter>
    </ClInclude>
    <ClInclude Include="UFlashTool\include\IFlashTool.h">
      <Filter>Header Files</Filter>
    </ClInclude>
    <ClInclude Include="InfoWindow.h">
      <Filter>Header Files</Filter>
    </ClInclude>
    <ClInclude Include="IniFile.h">
      <Filter>Header Files</Filter>
    </ClInclude>
    <ClInclude Include="json.h">
      <Filter>Header Files</Filter>
    </ClInclude>
    <ClInclude Include="logview.h">
      <Filter>Header Files</Filter>
    </ClInclude>
    <ClInclude Include="MainFrm.h">
      <Filter>Header Files</Filter>
    </ClInclude>
    <ClInclude Include="md5.h">
      <Filter>Header Files</Filter>
    </ClInclude>
    <ClInclude Include="meta.h">
      <Filter>Header Files</Filter>
    </ClInclude>
    <ClInclude Include="metaapp.h">
      <Filter>Header Files</Filter>
    </ClInclude>
    <ClInclude Include="mnbdl_lib.h">
      <Filter>Header Files</Filter>
    </ClInclude>
    <ClInclude Include="MsgBox.h">
      <Filter>Header Files</Filter>
    </ClInclude>
    <ClInclude Include="MT.h">
      <Filter>Header Files</Filter>
    </ClInclude>
    <ClInclude Include="MTDoc.h">
      <Filter>Header Files</Filter>
    </ClInclude>
    <ClInclude Include="mtk_mcu.h">
      <Filter>Header Files</Filter>
    </ClInclude>
    <ClInclude Include="mtk_resource.h">
      <Filter>Header Files</Filter>
    </ClInclude>
    <ClInclude Include="mtk_status.h">
      <Filter>Header Files</Filter>
    </ClInclude>
    <ClInclude Include="MTView.h">
      <Filter>Header Files</Filter>
    </ClInclude>
    <ClInclude Include="ni488.h">
      <Filter>Header Files</Filter>
    </ClInclude>
    <ClInclude Include="ocp.h">
      <Filter>Header Files</Filter>
    </ClInclude>
    <ClInclude Include="Power_Supply.h">
      <Filter>Header Files</Filter>
    </ClInclude>
    <ClInclude Include="QLib_Defines.h">
      <Filter>Header Files</Filter>
    </ClInclude>
    <ClInclude Include="QMSL_Core.h">
      <Filter>Header Files</Filter>
    </ClInclude>
    <ClInclude Include="QMSL_Diag.h">
      <Filter>Header Files</Filter>
    </ClInclude>
    <ClInclude Include="QMSL_FTM_RF.h">
      <Filter>Header Files</Filter>
    </ClInclude>
    <ClInclude Include="QPWClient_C_DLL.h">
      <Filter>Header Files</Filter>
    </ClInclude>
    <ClInclude Include="quectel_devs.h">
      <Filter>Header Files</Filter>
    </ClInclude>
    <ClInclude Include="Resource.h">
      <Filter>Header Files</Filter>
    </ClInclude>
    <ClInclude Include="rom_setting.h">
      <Filter>Header Files</Filter>
    </ClInclude>
    <ClInclude Include="SaharaVerList.h">
      <Filter>Header Files</Filter>
    </ClInclude>
    <ClInclude Include="SLA_Challenge.h">
      <Filter>Header Files</Filter>
    </ClInclude>
    <ClInclude Include="sql_db.h">
      <Filter>Header Files</Filter>
    </ClInclude>
    <ClInclude Include="stdafx.h">
      <Filter>Header Files</Filter>
    </ClInclude>
    <ClInclude Include="targetver.h">
      <Filter>Header Files</Filter>
    </ClInclude>
    <ClInclude Include="Tool_Update_Config.h">
      <Filter>Header Files</Filter>
    </ClInclude>
    <ClInclude Include="ts_lan.h">
      <Filter>Header Files</Filter>
    </ClInclude>
    <ClInclude Include="unzip.h">
      <Filter>Header Files</Filter>
    </ClInclude>
    <ClInclude Include="UpdateConfig.h">
      <Filter>Header Files</Filter>
    </ClInclude>
    <ClInclude Include="usb100.h">
      <Filter>Header Files</Filter>
    </ClInclude>
    <ClInclude Include="USBDeviceDetection.h">
      <Filter>Header Files</Filter>
    </ClInclude>
    <ClInclude Include="visa.h">
      <Filter>Header Files</Filter>
    </ClInclude>
    <ClInclude Include="visatype.h">
      <Filter>Header Files</Filter>
    </ClInclude>
    <ClInclude Include="WinSocket.h">
      <Filter>Header Files</Filter>
    </ClInclude>
    <ClInclude Include="WorkNum.h">
      <Filter>Header Files</Filter>
    </ClInclude>
    <ClInclude Include="WriteFlashId.h">
      <Filter>Header Files</Filter>
    </ClInclude>
    <ClInclude Include="zip.h">
      <Filter>Header Files</Filter>
    </ClInclude>
    <ClInclude Include="ARM_OP_XINYI.h">
      <Filter>Header Files</Filter>
    </ClInclude>
    <ClInclude Include="DownFileApi.h">
      <Filter>Header Files</Filter>
    </ClInclude>
    <ClInclude Include="Flash_OP_5G.h">
      <Filter>Header Files</Filter>
    </ClInclude>
    <ClInclude Include="ARM_OP_ALTAIR.h">
      <Filter>Header Files</Filter>
    </ClInclude>
    <ClInclude Include="Flash_OP_AG.h">
      <Filter>Header Files</Filter>
    </ClInclude>
    <ClInclude Include="MS_IMbnDevice.h">
      <Filter>Header Files</Filter>
    </ClInclude>
    <ClInclude Include="ARM_OP_BEKEN.h">
      <Filter>Header Files</Filter>
    </ClInclude>
    <ClInclude Include="PipeCommObj00.h">
      <Filter>Header Files</Filter>
    </ClInclude>
    <ClInclude Include="ARM_OP_SILABS.h">
      <Filter>Header Files</Filter>
    </ClInclude>
  </ItemGroup>
  <ItemGroup>
    <Image Include="res\apply.ico">
      <Filter>Resource Files</Filter>
    </Image>
    <Image Include="res\del.ico">
      <Filter>Resource Files</Filter>
    </Image>
    <Image Include="res\DL_NEW.ico">
      <Filter>Resource Files</Filter>
    </Image>
    <Image Include="res\icon1.ico">
      <Filter>Resource Files</Filter>
    </Image>
    <Image Include="res\MT.ico">
      <Filter>Resource Files</Filter>
    </Image>
    <Image Include="..\..\QFlash_V4.6_Auto_LTE_322\MT\res\MT.ico">
      <Filter>Resource Files</Filter>
    </Image>
    <Image Include="res\MT_Flash.ico">
      <Filter>Resource Files</Filter>
    </Image>
    <Image Include="res\MTDoc.ico">
      <Filter>Resource Files</Filter>
    </Image>
    <Image Include="res\Queclink LOGO.bmp">
      <Filter>Resource Files</Filter>
    </Image>
    <Image Include="E:\work\公司LOG\QUECTEL LOGO Small.BMP">
      <Filter>Resource Files</Filter>
    </Image>
    <Image Include="E:\work\公司LOG\QUECTEL.BMP">
      <Filter>Resource Files</Filter>
    </Image>
    <Image Include="res\QUECTEL_LOGO.BMP">
      <Filter>Resource Files</Filter>
    </Image>
    <Image Include="res\Toolbar.bmp">
      <Filter>Resource Files</Filter>
    </Image>
    <Image Include="res\Toolbar256.bmp">
      <Filter>Resource Files</Filter>
    </Image>
    <Image Include="UserImages.bmp">
      <Filter>Resource Files</Filter>
    </Image>
    <Image Include="res\Logo.bmp">
      <Filter>Resource Files</Filter>
    </Image>
  </ItemGroup>
  <ItemGroup>
    <ResourceCompile Include="MT.rc">
      <Filter>Resource Files</Filter>
    </ResourceCompile>
  </ItemGroup>
  <ItemGroup>
    <None Include="res\MT.rc2">
      <Filter>Resource Files</Filter>
    </None>
    <None Include="ClassDiagram1.cd" />
  </ItemGroup>
  <ItemGroup>
    <Text Include="ReadMe.txt" />
  </ItemGroup>
</Project>