
Microsoft Visual Studio Solution File, Format Version 12.00
# Visual Studio 2013
VisualStudioVersion = 12.0.40629.0
MinimumVisualStudioVersion = 10.0.40219.1
Project("{8BC9CEB8-8B4A-11D0-8D11-00A0C91BC942}") = "MT", "MT\MT.vcxproj", "{EABD1C5A-2D2F-4BEE-8B04-5ED9560E79B7}"
EndProject
Global
	GlobalSection(SolutionConfigurationPlatforms) = preSolution
		BC39_GPS_DL_Temp|Win32 = BC39_GPS_DL_Temp|Win32
		DEBUG_MULT|Win32 = DEBUG_MULT|Win32
		Debug|Win32 = Debug|Win32
		FW_DL_V1.1.4_Outline_DL1|Win32 = FW_DL_V1.1.4_Outline_DL1|Win32
		FW_Download_And_Format_V5.8.9|Win32 = FW_Download_And_Format_V5.8.9|Win32
		FW_Download_And_Format_V5.9.0|Win32 = FW_Download_And_Format_V5.9.0|Win32
		MCU_FW_DL_ODM_V1.0.0|Win32 = MCU_FW_DL_ODM_V1.0.0|Win32
		MCU_FW_DL_V1.0.0|Win32 = MCU_FW_DL_V1.0.0|Win32
		MCU_FW_DL_V1.0.1|Win32 = MCU_FW_DL_V1.0.1|Win32
		MCU_FW_DL_V1.0.2|Win32 = MCU_FW_DL_V1.0.2|Win32
		MCU_FW_DL_V1.0.3|Win32 = MCU_FW_DL_V1.0.3|Win32
		MCU_FW_DL_V1.0.4|Win32 = MCU_FW_DL_V1.0.4|Win32
		MCU_FW_DL_V1.0.5|Win32 = MCU_FW_DL_V1.0.5|Win32
		MCU_FW_DL_V1.0.6|Win32 = MCU_FW_DL_V1.0.6|Win32
		MCU_FW_DL_V1.0.7|Win32 = MCU_FW_DL_V1.0.7|Win32
		MCU_FW_DL_V1.0.8|Win32 = MCU_FW_DL_V1.0.8|Win32
		MCU_FW_DL_V1.0.9|Win32 = MCU_FW_DL_V1.0.9|Win32
		MCU_FW_DL_V1.1.0|Win32 = MCU_FW_DL_V1.1.0|Win32
		MCU_FW_DL_V1.1.1|Win32 = MCU_FW_DL_V1.1.1|Win32
		MCU_FW_DL_V1.1.2|Win32 = MCU_FW_DL_V1.1.2|Win32
		MCU_FW_DL_V1.1.3_Outline|Win32 = MCU_FW_DL_V1.1.3_Outline|Win32
		MCU_FW_DL_V1.1.4_Outline|Win32 = MCU_FW_DL_V1.1.4_Outline|Win32
		MCU_FW_DL_V1.1.5|Win32 = MCU_FW_DL_V1.1.5|Win32
		QDE006_MCU_FW_DL_V1.0.0|Win32 = QDE006_MCU_FW_DL_V1.0.0|Win32
		Release_Multi_Upgrade|Win32 = Release_Multi_Upgrade|Win32
		Release_Multi|Win32 = Release_Multi|Win32
		Release|Win32 = Release|Win32
	EndGlobalSection
	GlobalSection(ProjectConfigurationPlatforms) = postSolution
		{EABD1C5A-2D2F-4BEE-8B04-5ED9560E79B7}.BC39_GPS_DL_Temp|Win32.ActiveCfg = BC39_GPS_DL_Temp|Win32
		{EABD1C5A-2D2F-4BEE-8B04-5ED9560E79B7}.BC39_GPS_DL_Temp|Win32.Build.0 = BC39_GPS_DL_Temp|Win32
		{EABD1C5A-2D2F-4BEE-8B04-5ED9560E79B7}.DEBUG_MULT|Win32.ActiveCfg = DEBUG_MULT|Win32
		{EABD1C5A-2D2F-4BEE-8B04-5ED9560E79B7}.DEBUG_MULT|Win32.Build.0 = DEBUG_MULT|Win32
		{EABD1C5A-2D2F-4BEE-8B04-5ED9560E79B7}.Debug|Win32.ActiveCfg = Debug|Win32
		{EABD1C5A-2D2F-4BEE-8B04-5ED9560E79B7}.Debug|Win32.Build.0 = Debug|Win32
		{EABD1C5A-2D2F-4BEE-8B04-5ED9560E79B7}.FW_DL_V1.1.4_Outline_DL1|Win32.ActiveCfg = FW_DL_V1.1.4_Outline_DL1|Win32
		{EABD1C5A-2D2F-4BEE-8B04-5ED9560E79B7}.FW_DL_V1.1.4_Outline_DL1|Win32.Build.0 = FW_DL_V1.1.4_Outline_DL1|Win32
		{EABD1C5A-2D2F-4BEE-8B04-5ED9560E79B7}.FW_Download_And_Format_V5.8.9|Win32.ActiveCfg = FW_Download_And_Format_V5.8.9|Win32
		{EABD1C5A-2D2F-4BEE-8B04-5ED9560E79B7}.FW_Download_And_Format_V5.8.9|Win32.Build.0 = FW_Download_And_Format_V5.8.9|Win32
		{EABD1C5A-2D2F-4BEE-8B04-5ED9560E79B7}.FW_Download_And_Format_V5.9.0|Win32.ActiveCfg = FW_Download_And_Format_V5.9.0|Win32
		{EABD1C5A-2D2F-4BEE-8B04-5ED9560E79B7}.FW_Download_And_Format_V5.9.0|Win32.Build.0 = FW_Download_And_Format_V5.9.0|Win32
		{EABD1C5A-2D2F-4BEE-8B04-5ED9560E79B7}.MCU_FW_DL_ODM_V1.0.0|Win32.ActiveCfg = MCU_FW_DL_ODM_V1.0.0|Win32
		{EABD1C5A-2D2F-4BEE-8B04-5ED9560E79B7}.MCU_FW_DL_ODM_V1.0.0|Win32.Build.0 = MCU_FW_DL_ODM_V1.0.0|Win32
		{EABD1C5A-2D2F-4BEE-8B04-5ED9560E79B7}.MCU_FW_DL_V1.0.0|Win32.ActiveCfg = MCU_FW_DL_V1.0.0|Win32
		{EABD1C5A-2D2F-4BEE-8B04-5ED9560E79B7}.MCU_FW_DL_V1.0.0|Win32.Build.0 = MCU_FW_DL_V1.0.0|Win32
		{EABD1C5A-2D2F-4BEE-8B04-5ED9560E79B7}.MCU_FW_DL_V1.0.1|Win32.ActiveCfg = MCU_FW_DL_V1.0.1|Win32
		{EABD1C5A-2D2F-4BEE-8B04-5ED9560E79B7}.MCU_FW_DL_V1.0.1|Win32.Build.0 = MCU_FW_DL_V1.0.1|Win32
		{EABD1C5A-2D2F-4BEE-8B04-5ED9560E79B7}.MCU_FW_DL_V1.0.2|Win32.ActiveCfg = MCU_FW_DL_V1.0.2|Win32
		{EABD1C5A-2D2F-4BEE-8B04-5ED9560E79B7}.MCU_FW_DL_V1.0.2|Win32.Build.0 = MCU_FW_DL_V1.0.2|Win32
		{EABD1C5A-2D2F-4BEE-8B04-5ED9560E79B7}.MCU_FW_DL_V1.0.3|Win32.ActiveCfg = MCU_FW_DL_V1.0.3|Win32
		{EABD1C5A-2D2F-4BEE-8B04-5ED9560E79B7}.MCU_FW_DL_V1.0.3|Win32.Build.0 = MCU_FW_DL_V1.0.3|Win32
		{EABD1C5A-2D2F-4BEE-8B04-5ED9560E79B7}.MCU_FW_DL_V1.0.4|Win32.ActiveCfg = MCU_FW_DL_V1.0.4|Win32
		{EABD1C5A-2D2F-4BEE-8B04-5ED9560E79B7}.MCU_FW_DL_V1.0.4|Win32.Build.0 = MCU_FW_DL_V1.0.4|Win32
		{EABD1C5A-2D2F-4BEE-8B04-5ED9560E79B7}.MCU_FW_DL_V1.0.5|Win32.ActiveCfg = MCU_FW_DL_V1.0.5|Win32
		{EABD1C5A-2D2F-4BEE-8B04-5ED9560E79B7}.MCU_FW_DL_V1.0.5|Win32.Build.0 = MCU_FW_DL_V1.0.5|Win32
		{EABD1C5A-2D2F-4BEE-8B04-5ED9560E79B7}.MCU_FW_DL_V1.0.6|Win32.ActiveCfg = MCU_FW_DL_V1.0.6|Win32
		{EABD1C5A-2D2F-4BEE-8B04-5ED9560E79B7}.MCU_FW_DL_V1.0.6|Win32.Build.0 = MCU_FW_DL_V1.0.6|Win32
		{EABD1C5A-2D2F-4BEE-8B04-5ED9560E79B7}.MCU_FW_DL_V1.0.7|Win32.ActiveCfg = MCU_FW_DL_V1.0.7|Win32
		{EABD1C5A-2D2F-4BEE-8B04-5ED9560E79B7}.MCU_FW_DL_V1.0.7|Win32.Build.0 = MCU_FW_DL_V1.0.7|Win32
		{EABD1C5A-2D2F-4BEE-8B04-5ED9560E79B7}.MCU_FW_DL_V1.0.8|Win32.ActiveCfg = MCU_FW_DL_V1.0.8|Win32
		{EABD1C5A-2D2F-4BEE-8B04-5ED9560E79B7}.MCU_FW_DL_V1.0.8|Win32.Build.0 = MCU_FW_DL_V1.0.8|Win32
		{EABD1C5A-2D2F-4BEE-8B04-5ED9560E79B7}.MCU_FW_DL_V1.0.9|Win32.ActiveCfg = MCU_FW_DL_V1.0.9|Win32
		{EABD1C5A-2D2F-4BEE-8B04-5ED9560E79B7}.MCU_FW_DL_V1.0.9|Win32.Build.0 = MCU_FW_DL_V1.0.9|Win32
		{EABD1C5A-2D2F-4BEE-8B04-5ED9560E79B7}.MCU_FW_DL_V1.1.0|Win32.ActiveCfg = MCU_FW_DL_V1.1.0|Win32
		{EABD1C5A-2D2F-4BEE-8B04-5ED9560E79B7}.MCU_FW_DL_V1.1.0|Win32.Build.0 = MCU_FW_DL_V1.1.0|Win32
		{EABD1C5A-2D2F-4BEE-8B04-5ED9560E79B7}.MCU_FW_DL_V1.1.1|Win32.ActiveCfg = MCU_FW_DL_V1.1.1|Win32
		{EABD1C5A-2D2F-4BEE-8B04-5ED9560E79B7}.MCU_FW_DL_V1.1.1|Win32.Build.0 = MCU_FW_DL_V1.1.1|Win32
		{EABD1C5A-2D2F-4BEE-8B04-5ED9560E79B7}.MCU_FW_DL_V1.1.2|Win32.ActiveCfg = MCU_FW_DL_V1.1.2|Win32
		{EABD1C5A-2D2F-4BEE-8B04-5ED9560E79B7}.MCU_FW_DL_V1.1.2|Win32.Build.0 = MCU_FW_DL_V1.1.2|Win32
		{EABD1C5A-2D2F-4BEE-8B04-5ED9560E79B7}.MCU_FW_DL_V1.1.3_Outline|Win32.ActiveCfg = MCU_FW_DL_V1.1.3_Outline|Win32
		{EABD1C5A-2D2F-4BEE-8B04-5ED9560E79B7}.MCU_FW_DL_V1.1.3_Outline|Win32.Build.0 = MCU_FW_DL_V1.1.3_Outline|Win32
		{EABD1C5A-2D2F-4BEE-8B04-5ED9560E79B7}.MCU_FW_DL_V1.1.4_Outline|Win32.ActiveCfg = MCU_FW_DL_V1.1.4_Outline|Win32
		{EABD1C5A-2D2F-4BEE-8B04-5ED9560E79B7}.MCU_FW_DL_V1.1.4_Outline|Win32.Build.0 = MCU_FW_DL_V1.1.4_Outline|Win32
		{EABD1C5A-2D2F-4BEE-8B04-5ED9560E79B7}.MCU_FW_DL_V1.1.5|Win32.ActiveCfg = MCU_FW_DL_V1.1.5|Win32
		{EABD1C5A-2D2F-4BEE-8B04-5ED9560E79B7}.MCU_FW_DL_V1.1.5|Win32.Build.0 = MCU_FW_DL_V1.1.5|Win32
		{EABD1C5A-2D2F-4BEE-8B04-5ED9560E79B7}.QDE006_MCU_FW_DL_V1.0.0|Win32.ActiveCfg = QDE006_MCU_FW_DL_V1.0.0|Win32
		{EABD1C5A-2D2F-4BEE-8B04-5ED9560E79B7}.QDE006_MCU_FW_DL_V1.0.0|Win32.Build.0 = QDE006_MCU_FW_DL_V1.0.0|Win32
		{EABD1C5A-2D2F-4BEE-8B04-5ED9560E79B7}.Release_Multi_Upgrade|Win32.ActiveCfg = Release_Multi_Upgrade|Win32
		{EABD1C5A-2D2F-4BEE-8B04-5ED9560E79B7}.Release_Multi_Upgrade|Win32.Build.0 = Release_Multi_Upgrade|Win32
		{EABD1C5A-2D2F-4BEE-8B04-5ED9560E79B7}.Release_Multi|Win32.ActiveCfg = Release_Multi|Win32
		{EABD1C5A-2D2F-4BEE-8B04-5ED9560E79B7}.Release_Multi|Win32.Build.0 = Release_Multi|Win32
		{EABD1C5A-2D2F-4BEE-8B04-5ED9560E79B7}.Release|Win32.ActiveCfg = Release|Win32
		{EABD1C5A-2D2F-4BEE-8B04-5ED9560E79B7}.Release|Win32.Build.0 = Release|Win32
	EndGlobalSection
	GlobalSection(SolutionProperties) = preSolution
		HideSolutionNode = FALSE
	EndGlobalSection
EndGlobal
